
Microsoft Visual Studio Solution File, Format Version 12.00
# Visual Studio Version 17
VisualStudioVersion = 17.11.35327.3
MinimumVisualStudioVersion = 10.0.40219.1
Project("{2150E333-8FDC-42A3-9474-1A3956D46DE8}") = "SolutionItems", "SolutionItems", "{49177774-51EC-4E4B-AEEB-159B23704A75}"
	ProjectSection(SolutionItems) = preProject
		ServiceUrls.txt = ServiceUrls.txt
	EndProjectSection
EndProject
Project("{2150E333-8FDC-42A3-9474-1A3956D46DE8}") = "src", "src", "{EDA58015-1959-4D6D-BEDF-3C34D65BF31A}"
EndProject
Project("{2150E333-8FDC-42A3-9474-1A3956D46DE8}") = "ApiGateways", "ApiGateways", "{C3CB60C0-72C7-4160-B14F-08C42FA13ADE}"
EndProject
Project("{2150E333-8FDC-42A3-9474-1A3956D46DE8}") = "BuildingBlocks", "BuildingBlocks", "{FB8317C3-9A56-4F6A-8763-2FC330054329}"
EndProject
Project("{2150E333-8FDC-42A3-9474-1A3956D46DE8}") = "Services", "Services", "{D0CDE87E-D40D-4877-97E2-8A7DD4BE0BB9}"
EndProject
Project("{2150E333-8FDC-42A3-9474-1A3956D46DE8}") = "Clients", "Clients", "{C889EB0E-37B4-4496-80C2-25212AEBBA94}"
EndProject
Project("{2150E333-8FDC-42A3-9474-1A3956D46DE8}") = "WebApiGateway", "WebApiGateway", "{EE9758EF-76BA-456A-A347-80C5BC3BD0AB}"
EndProject
Project("{2150E333-8FDC-42A3-9474-1A3956D46DE8}") = "EventBus", "EventBus", "{D8F9A2A9-8C4C-4A25-8185-9427B5108C2F}"
EndProject
Project("{FAE04EC0-301F-11D3-BF4B-00C04F79EFBC}") = "EventBus.Base", "src\BuildingBlocks\EventBus\EventBus.Base\EventBus.Base.csproj", "{4EEE0801-BE47-4230-821E-3CF8B001D39E}"
EndProject
Project("{FAE04EC0-301F-11D3-BF4B-00C04F79EFBC}") = "EvenBus.Factory", "src\BuildingBlocks\EventBus\EvenBus.Factory\EvenBus.Factory.csproj", "{4BA36F34-AC80-4F83-B76C-18294BEF4EE9}"
EndProject
Project("{FAE04EC0-301F-11D3-BF4B-00C04F79EFBC}") = "EventBus.AzureServiceBus", "src\BuildingBlocks\EventBus\EventBus.AzureServiceBus\EventBus.AzureServiceBus.csproj", "{DC6AC9D8-693C-467D-BD91-C9B11A7212C3}"
EndProject
Project("{FAE04EC0-301F-11D3-BF4B-00C04F79EFBC}") = "EventBus.RabbitMQ", "src\BuildingBlocks\EventBus\EventBus.RabbitMQ\EventBus.RabbitMQ.csproj", "{3D30D1D8-BBD8-4E48-A461-04285BA365D0}"
EndProject
Project("{2150E333-8FDC-42A3-9474-1A3956D46DE8}") = "BlazorWebApp", "BlazorWebApp", "{0801253B-1799-44A3-B409-ADC666C98DA0}"
EndProject
Project("{FAE04EC0-301F-11D3-BF4B-00C04F79EFBC}") = "WebApp", "src\Clients\BlazorWebApp\WebApp\WebApp.csproj", "{6CA10218-0ABC-4EE6-81C2-93395AD12631}"
EndProject
Project("{FAE04EC0-301F-11D3-BF4B-00C04F79EFBC}") = "Web.ApiGateway", "src\ApiGateways\WebApiGateway\Web.ApiGateway\Web.ApiGateway.csproj", "{24DEB180-398A-44B0-924C-9564AAD78BE8}"
EndProject
Project("{2150E333-8FDC-42A3-9474-1A3956D46DE8}") = "BasketService", "BasketService", "{91C379D6-0400-4DDA-84D7-5516638241FE}"
EndProject
Project("{FAE04EC0-301F-11D3-BF4B-00C04F79EFBC}") = "BasketService.Api", "src\Services\BasketService\BasketService.Api\BasketService.Api.csproj", "{832FB6A4-4C97-42AD-943F-F97B90563739}"
EndProject
Project("{2150E333-8FDC-42A3-9474-1A3956D46DE8}") = "CatalogService", "CatalogService", "{0CC7B644-62D5-4E2C-A3EE-C901511DF1B0}"
EndProject
Project("{FAE04EC0-301F-11D3-BF4B-00C04F79EFBC}") = "CatalogService.Api", "src\Services\CatalogService\CatalogService.Api\CatalogService.Api.csproj", "{49507530-05A8-4A1D-9A2F-159EA0B2D0E8}"
EndProject
Project("{2150E333-8FDC-42A3-9474-1A3956D46DE8}") = "IdentityService", "IdentityService", "{73277BD8-F3E2-4879-83B5-1A68D320806F}"
EndProject
Project("{FAE04EC0-301F-11D3-BF4B-00C04F79EFBC}") = "IdentityService.Api", "src\Services\IdentityService\IdentityService.Api\IdentityService.Api.csproj", "{C034DBA2-3030-43DE-8F32-A31F3E97F71F}"
EndProject
Project("{2150E333-8FDC-42A3-9474-1A3956D46DE8}") = "NotificationService", "NotificationService", "{8D58B389-F989-4D2A-BA4F-436C5B3A0ECA}"
EndProject
Project("{FAE04EC0-301F-11D3-BF4B-00C04F79EFBC}") = "NotificationService", "src\Services\NotificationService\NotificationService\NotificationService.csproj", "{F23CCDF2-3320-42C1-9418-D2AE063D95F5}"
EndProject
Project("{2150E333-8FDC-42A3-9474-1A3956D46DE8}") = "OrderService", "OrderService", "{054962B0-0F13-4D69-83BD-6B4BE36921E3}"
EndProject
Project("{FAE04EC0-301F-11D3-BF4B-00C04F79EFBC}") = "OrderService.Domain", "src\Services\OrderService\OrderService.Domain\OrderService.Domain.csproj", "{3572196C-8237-49A6-A0E9-CF5FF883BACF}"
EndProject
Project("{FAE04EC0-301F-11D3-BF4B-00C04F79EFBC}") = "OrderService.Application", "src\Services\OrderService\OrderService.Application\OrderService.Application.csproj", "{A89E6D9F-2332-4787-B8E7-A8AD78D6FDB7}"
EndProject
Project("{FAE04EC0-301F-11D3-BF4B-00C04F79EFBC}") = "OrderService.Infastructure", "src\Services\OrderService\OrderService.Infastructure\OrderService.Infastructure.csproj", "{5E2FD225-3167-457C-99AB-02B9981AB845}"
EndProject
Project("{FAE04EC0-301F-11D3-BF4B-00C04F79EFBC}") = "OrderService.Api", "src\Services\OrderService\OrderService.Api\OrderService.Api.csproj", "{18620C2B-753C-449B-9F67-D48A03D26BC8}"
EndProject
Project("{2150E333-8FDC-42A3-9474-1A3956D46DE8}") = "PaymentService", "PaymentService", "{4F15E6C3-5F24-439E-A71B-B808AE0CB5D3}"
EndProject
Project("{FAE04EC0-301F-11D3-BF4B-00C04F79EFBC}") = "PaymentService.Api", "src\Services\PaymentService\PaymentService.Api\PaymentService.Api.csproj", "{43D62CE2-0691-4BD5-8F05-7639C957E4C8}"
EndProject
Global
	GlobalSection(SolutionConfigurationPlatforms) = preSolution
		Debug|Any CPU = Debug|Any CPU
		Release|Any CPU = Release|Any CPU
	EndGlobalSection
	GlobalSection(ProjectConfigurationPlatforms) = postSolution
		{4EEE0801-BE47-4230-821E-3CF8B001D39E}.Debug|Any CPU.ActiveCfg = Debug|Any CPU
		{4EEE0801-BE47-4230-821E-3CF8B001D39E}.Debug|Any CPU.Build.0 = Debug|Any CPU
		{4EEE0801-BE47-4230-821E-3CF8B001D39E}.Release|Any CPU.ActiveCfg = Release|Any CPU
		{4EEE0801-BE47-4230-821E-3CF8B001D39E}.Release|Any CPU.Build.0 = Release|Any CPU
		{4BA36F34-AC80-4F83-B76C-18294BEF4EE9}.Debug|Any CPU.ActiveCfg = Debug|Any CPU
		{4BA36F34-AC80-4F83-B76C-18294BEF4EE9}.Debug|Any CPU.Build.0 = Debug|Any CPU
		{4BA36F34-AC80-4F83-B76C-18294BEF4EE9}.Release|Any CPU.ActiveCfg = Release|Any CPU
		{4BA36F34-AC80-4F83-B76C-18294BEF4EE9}.Release|Any CPU.Build.0 = Release|Any CPU
		{DC6AC9D8-693C-467D-BD91-C9B11A7212C3}.Debug|Any CPU.ActiveCfg = Debug|Any CPU
		{DC6AC9D8-693C-467D-BD91-C9B11A7212C3}.Debug|Any CPU.Build.0 = Debug|Any CPU
		{DC6AC9D8-693C-467D-BD91-C9B11A7212C3}.Release|Any CPU.ActiveCfg = Release|Any CPU
		{DC6AC9D8-693C-467D-BD91-C9B11A7212C3}.Release|Any CPU.Build.0 = Release|Any CPU
		{3D30D1D8-BBD8-4E48-A461-04285BA365D0}.Debug|Any CPU.ActiveCfg = Debug|Any CPU
		{3D30D1D8-BBD8-4E48-A461-04285BA365D0}.Debug|Any CPU.Build.0 = Debug|Any CPU
		{3D30D1D8-BBD8-4E48-A461-04285BA365D0}.Release|Any CPU.ActiveCfg = Release|Any CPU
		{3D30D1D8-BBD8-4E48-A461-04285BA365D0}.Release|Any CPU.Build.0 = Release|Any CPU
		{6CA10218-0ABC-4EE6-81C2-93395AD12631}.Debug|Any CPU.ActiveCfg = Debug|Any CPU
		{6CA10218-0ABC-4EE6-81C2-93395AD12631}.Debug|Any CPU.Build.0 = Debug|Any CPU
		{6CA10218-0ABC-4EE6-81C2-93395AD12631}.Release|Any CPU.ActiveCfg = Release|Any CPU
		{6CA10218-0ABC-4EE6-81C2-93395AD12631}.Release|Any CPU.Build.0 = Release|Any CPU
		{24DEB180-398A-44B0-924C-9564AAD78BE8}.Debug|Any CPU.ActiveCfg = Debug|Any CPU
		{24DEB180-398A-44B0-924C-9564AAD78BE8}.Debug|Any CPU.Build.0 = Debug|Any CPU
		{24DEB180-398A-44B0-924C-9564AAD78BE8}.Release|Any CPU.ActiveCfg = Release|Any CPU
		{24DEB180-398A-44B0-924C-9564AAD78BE8}.Release|Any CPU.Build.0 = Release|Any CPU
		{832FB6A4-4C97-42AD-943F-F97B90563739}.Debug|Any CPU.ActiveCfg = Debug|Any CPU
		{832FB6A4-4C97-42AD-943F-F97B90563739}.Debug|Any CPU.Build.0 = Debug|Any CPU
		{832FB6A4-4C97-42AD-943F-F97B90563739}.Release|Any CPU.ActiveCfg = Release|Any CPU
		{832FB6A4-4C97-42AD-943F-F97B90563739}.Release|Any CPU.Build.0 = Release|Any CPU
		{49507530-05A8-4A1D-9A2F-159EA0B2D0E8}.Debug|Any CPU.ActiveCfg = Debug|Any CPU
		{49507530-05A8-4A1D-9A2F-159EA0B2D0E8}.Debug|Any CPU.Build.0 = Debug|Any CPU
		{49507530-05A8-4A1D-9A2F-159EA0B2D0E8}.Release|Any CPU.ActiveCfg = Release|Any CPU
		{49507530-05A8-4A1D-9A2F-159EA0B2D0E8}.Release|Any CPU.Build.0 = Release|Any CPU
		{C034DBA2-3030-43DE-8F32-A31F3E97F71F}.Debug|Any CPU.ActiveCfg = Debug|Any CPU
		{C034DBA2-3030-43DE-8F32-A31F3E97F71F}.Debug|Any CPU.Build.0 = Debug|Any CPU
		{C034DBA2-3030-43DE-8F32-A31F3E97F71F}.Release|Any CPU.ActiveCfg = Release|Any CPU
		{C034DBA2-3030-43DE-8F32-A31F3E97F71F}.Release|Any CPU.Build.0 = Release|Any CPU
		{F23CCDF2-3320-42C1-9418-D2AE063D95F5}.Debug|Any CPU.ActiveCfg = Debug|Any CPU
		{F23CCDF2-3320-42C1-9418-D2AE063D95F5}.Debug|Any CPU.Build.0 = Debug|Any CPU
		{F23CCDF2-3320-42C1-9418-D2AE063D95F5}.Release|Any CPU.ActiveCfg = Release|Any CPU
		{F23CCDF2-3320-42C1-9418-D2AE063D95F5}.Release|Any CPU.Build.0 = Release|Any CPU
		{3572196C-8237-49A6-A0E9-CF5FF883BACF}.Debug|Any CPU.ActiveCfg = Debug|Any CPU
		{3572196C-8237-49A6-A0E9-CF5FF883BACF}.Debug|Any CPU.Build.0 = Debug|Any CPU
		{3572196C-8237-49A6-A0E9-CF5FF883BACF}.Release|Any CPU.ActiveCfg = Release|Any CPU
		{3572196C-8237-49A6-A0E9-CF5FF883BACF}.Release|Any CPU.Build.0 = Release|Any CPU
		{A89E6D9F-2332-4787-B8E7-A8AD78D6FDB7}.Debug|Any CPU.ActiveCfg = Debug|Any CPU
		{A89E6D9F-2332-4787-B8E7-A8AD78D6FDB7}.Debug|Any CPU.Build.0 = Debug|Any CPU
		{A89E6D9F-2332-4787-B8E7-A8AD78D6FDB7}.Release|Any CPU.ActiveCfg = Release|Any CPU
		{A89E6D9F-2332-4787-B8E7-A8AD78D6FDB7}.Release|Any CPU.Build.0 = Release|Any CPU
		{5E2FD225-3167-457C-99AB-02B9981AB845}.Debug|Any CPU.ActiveCfg = Debug|Any CPU
		{5E2FD225-3167-457C-99AB-02B9981AB845}.Debug|Any CPU.Build.0 = Debug|Any CPU
		{5E2FD225-3167-457C-99AB-02B9981AB845}.Release|Any CPU.ActiveCfg = Release|Any CPU
		{5E2FD225-3167-457C-99AB-02B9981AB845}.Release|Any CPU.Build.0 = Release|Any CPU
		{18620C2B-753C-449B-9F67-D48A03D26BC8}.Debug|Any CPU.ActiveCfg = Debug|Any CPU
		{18620C2B-753C-449B-9F67-D48A03D26BC8}.Debug|Any CPU.Build.0 = Debug|Any CPU
		{18620C2B-753C-449B-9F67-D48A03D26BC8}.Release|Any CPU.ActiveCfg = Release|Any CPU
		{18620C2B-753C-449B-9F67-D48A03D26BC8}.Release|Any CPU.Build.0 = Release|Any CPU
		{43D62CE2-0691-4BD5-8F05-7639C957E4C8}.Debug|Any CPU.ActiveCfg = Debug|Any CPU
		{43D62CE2-0691-4BD5-8F05-7639C957E4C8}.Debug|Any CPU.Build.0 = Debug|Any CPU
		{43D62CE2-0691-4BD5-8F05-7639C957E4C8}.Release|Any CPU.ActiveCfg = Release|Any CPU
		{43D62CE2-0691-4BD5-8F05-7639C957E4C8}.Release|Any CPU.Build.0 = Release|Any CPU
	EndGlobalSection
	GlobalSection(SolutionProperties) = preSolution
		HideSolutionNode = FALSE
	EndGlobalSection
	GlobalSection(NestedProjects) = preSolution
		{C3CB60C0-72C7-4160-B14F-08C42FA13ADE} = {EDA58015-1959-4D6D-BEDF-3C34D65BF31A}
		{FB8317C3-9A56-4F6A-8763-2FC330054329} = {EDA58015-1959-4D6D-BEDF-3C34D65BF31A}
		{D0CDE87E-D40D-4877-97E2-8A7DD4BE0BB9} = {EDA58015-1959-4D6D-BEDF-3C34D65BF31A}
		{C889EB0E-37B4-4496-80C2-25212AEBBA94} = {EDA58015-1959-4D6D-BEDF-3C34D65BF31A}
		{EE9758EF-76BA-456A-A347-80C5BC3BD0AB} = {C3CB60C0-72C7-4160-B14F-08C42FA13ADE}
		{D8F9A2A9-8C4C-4A25-8185-9427B5108C2F} = {FB8317C3-9A56-4F6A-8763-2FC330054329}
		{4EEE0801-BE47-4230-821E-3CF8B001D39E} = {D8F9A2A9-8C4C-4A25-8185-9427B5108C2F}
		{4BA36F34-AC80-4F83-B76C-18294BEF4EE9} = {D8F9A2A9-8C4C-4A25-8185-9427B5108C2F}
		{DC6AC9D8-693C-467D-BD91-C9B11A7212C3} = {D8F9A2A9-8C4C-4A25-8185-9427B5108C2F}
		{3D30D1D8-BBD8-4E48-A461-04285BA365D0} = {D8F9A2A9-8C4C-4A25-8185-9427B5108C2F}
		{0801253B-1799-44A3-B409-ADC666C98DA0} = {C889EB0E-37B4-4496-80C2-25212AEBBA94}
		{6CA10218-0ABC-4EE6-81C2-93395AD12631} = {0801253B-1799-44A3-B409-ADC666C98DA0}
		{24DEB180-398A-44B0-924C-9564AAD78BE8} = {EE9758EF-76BA-456A-A347-80C5BC3BD0AB}
		{91C379D6-0400-4DDA-84D7-5516638241FE} = {D0CDE87E-D40D-4877-97E2-8A7DD4BE0BB9}
		{832FB6A4-4C97-42AD-943F-F97B90563739} = {91C379D6-0400-4DDA-84D7-5516638241FE}
		{0CC7B644-62D5-4E2C-A3EE-C901511DF1B0} = {D0CDE87E-D40D-4877-97E2-8A7DD4BE0BB9}
		{49507530-05A8-4A1D-9A2F-159EA0B2D0E8} = {0CC7B644-62D5-4E2C-A3EE-C901511DF1B0}
		{73277BD8-F3E2-4879-83B5-1A68D320806F} = {D0CDE87E-D40D-4877-97E2-8A7DD4BE0BB9}
		{C034DBA2-3030-43DE-8F32-A31F3E97F71F} = {73277BD8-F3E2-4879-83B5-1A68D320806F}
		{8D58B389-F989-4D2A-BA4F-436C5B3A0ECA} = {D0CDE87E-D40D-4877-97E2-8A7DD4BE0BB9}
		{F23CCDF2-3320-42C1-9418-D2AE063D95F5} = {8D58B389-F989-4D2A-BA4F-436C5B3A0ECA}
		{054962B0-0F13-4D69-83BD-6B4BE36921E3} = {D0CDE87E-D40D-4877-97E2-8A7DD4BE0BB9}
		{3572196C-8237-49A6-A0E9-CF5FF883BACF} = {054962B0-0F13-4D69-83BD-6B4BE36921E3}
		{A89E6D9F-2332-4787-B8E7-A8AD78D6FDB7} = {054962B0-0F13-4D69-83BD-6B4BE36921E3}
		{5E2FD225-3167-457C-99AB-02B9981AB845} = {054962B0-0F13-4D69-83BD-6B4BE36921E3}
		{18620C2B-753C-449B-9F67-D48A03D26BC8} = {054962B0-0F13-4D69-83BD-6B4BE36921E3}
		{4F15E6C3-5F24-439E-A71B-B808AE0CB5D3} = {D0CDE87E-D40D-4877-97E2-8A7DD4BE0BB9}
		{43D62CE2-0691-4BD5-8F05-7639C957E4C8} = {4F15E6C3-5F24-439E-A71B-B808AE0CB5D3}
	EndGlobalSection
	GlobalSection(ExtensibilityGlobals) = postSolution
		SolutionGuid = {448D9A50-51A2-4085-AC39-1482EC54D85B}
	EndGlobalSection
EndGlobal
